
Microsoft Visual Studio Solution File, Format Version 12.00
# Visual Studio Version 17
VisualStudioVersion = 17.0.31903.59
MinimumVisualStudioVersion = 10.0.40219.1
Project("{FAE04EC0-301F-11D3-BF4B-00C04F79EFBC}") = "IpCheckerService.Worker", "IpCheckerService.Worker\IpCheckerService.Worker.csproj", "{44A97C11-9E5E-4800-BCD6-65DB306503EA}"
EndProject
Project("{FAE04EC0-301F-11D3-BF4B-00C04F79EFBC}") = "IpCheckerService.Tests", "IpCheckerService.Tests\IpCheckerService.Tests.csproj", "{98865F05-D0E4-4511-92AD-C52172E23BCC}"
EndProject
Global
	GlobalSection(SolutionConfigurationPlatforms) = preSolution
		Debug|Any CPU = Debug|Any CPU
		Release|Any CPU = Release|Any CPU
	EndGlobalSection
	GlobalSection(SolutionProperties) = preSolution
		HideSolutionNode = FALSE
	EndGlobalSection
	GlobalSection(ProjectConfigurationPlatforms) = postSolution
		{44A97C11-9E5E-4800-BCD6-65DB306503EA}.Debug|Any CPU.ActiveCfg = Debug|Any CPU
		{44A97C11-9E5E-4800-BCD6-65DB306503EA}.Debug|Any CPU.Build.0 = Debug|Any CPU
		{44A97C11-9E5E-4800-BCD6-65DB306503EA}.Release|Any CPU.ActiveCfg = Release|Any CPU
		{44A97C11-9E5E-4800-BCD6-65DB306503EA}.Release|Any CPU.Build.0 = Release|Any CPU
		{98865F05-D0E4-4511-92AD-C52172E23BCC}.Debug|Any CPU.ActiveCfg = Debug|Any CPU
		{98865F05-D0E4-4511-92AD-C52172E23BCC}.Debug|Any CPU.Build.0 = Debug|Any CPU
		{98865F05-D0E4-4511-92AD-C52172E23BCC}.Release|Any CPU.ActiveCfg = Release|Any CPU
		{98865F05-D0E4-4511-92AD-C52172E23BCC}.Release|Any CPU.Build.0 = Release|Any CPU
	EndGlobalSection
EndGlobal
